// !$*UTF8*$!
{
	archiveVersion = 1;
	classes = {
	};
	objectVersion = 46;
	objects = {

/* Begin PBXBuildFile section */
		4323D0CC195EC6EA00A72B09 /* TargetCollectionViewItem.swift in Sources */ = {isa = PBXBuildFile; fileRef = 4323D0CB195EC6EA00A72B09 /* TargetCollectionViewItem.swift */; };
		434F40FA195F385000F14CBF /* AddApp.png in Resources */ = {isa = PBXBuildFile; fileRef = 434F40F9195F385000F14CBF /* AddApp.png */; };
		434F4100195F3D0300F14CBF /* AppStyles.swift in Sources */ = {isa = PBXBuildFile; fileRef = 434F40FF195F3D0300F14CBF /* AppStyles.swift */; };
		434F41091960AB8700F14CBF /* Targets.swift in Sources */ = {isa = PBXBuildFile; fileRef = 434F41081960AB8700F14CBF /* Targets.swift */; };
		43778C1B195CD51300BD417D /* TargetCollectionViewCell.swift in Sources */ = {isa = PBXBuildFile; fileRef = 43778C1A195CD51300BD417D /* TargetCollectionViewCell.swift */; };
		437E1C321962972C00A32927 /* Utils.swift in Sources */ = {isa = PBXBuildFile; fileRef = 437E1C311962972C00A32927 /* Utils.swift */; };
		437E1C341962976D00A32927 /* AddAppTask.swift in Sources */ = {isa = PBXBuildFile; fileRef = 437E1C331962976D00A32927 /* AddAppTask.swift */; };
		437E1C3719629B8C00A32927 /* String.ext.swift in Sources */ = {isa = PBXBuildFile; fileRef = 437E1C3619629B8C00A32927 /* String.ext.swift */; };
		437E1C391965DD9500A32927 /* Progress.swift in Sources */ = {isa = PBXBuildFile; fileRef = 437E1C381965DD9500A32927 /* Progress.swift */; };
		43E41E80195CAEAC00FD162D /* main.swift in Sources */ = {isa = PBXBuildFile; fileRef = 43E41E7F195CAEAC00FD162D /* main.swift */; };
		43E41E82195CAEAC00FD162D /* AppDelegate.swift in Sources */ = {isa = PBXBuildFile; fileRef = 43E41E81195CAEAC00FD162D /* AppDelegate.swift */; };
		43E41E84195CAEAC00FD162D /* Images.xcassets in Resources */ = {isa = PBXBuildFile; fileRef = 43E41E83195CAEAC00FD162D /* Images.xcassets */; };
		43E41E87195CAEAC00FD162D /* MainMenu.xib in Resources */ = {isa = PBXBuildFile; fileRef = 43E41E85195CAEAC00FD162D /* MainMenu.xib */; };
		43E41E93195CAEAC00FD162D /* TargetSelectorTests.swift in Sources */ = {isa = PBXBuildFile; fileRef = 43E41E92195CAEAC00FD162D /* TargetSelectorTests.swift */; };
		43E41E9D195CB37D00FD162D /* Target.swift in Sources */ = {isa = PBXBuildFile; fileRef = 43E41E9C195CB37D00FD162D /* Target.swift */; };
		43E41EA0195CCB5C00FD162D /* TargetBridge.m in Sources */ = {isa = PBXBuildFile; fileRef = 43E41E9F195CCB5C00FD162D /* TargetBridge.m */; };
/* End PBXBuildFile section */

/* Begin PBXContainerItemProxy section */
		43E41E8D195CAEAC00FD162D /* PBXContainerItemProxy */ = {
			isa = PBXContainerItemProxy;
			containerPortal = 43E41E72195CAEAC00FD162D /* Project object */;
			proxyType = 1;
			remoteGlobalIDString = 43E41E79195CAEAC00FD162D;
			remoteInfo = TargetSelector;
		};
/* End PBXContainerItemProxy section */

/* Begin PBXFileReference section */
		4323D0CB195EC6EA00A72B09 /* TargetCollectionViewItem.swift */ = {isa = PBXFileReference; fileEncoding = 4; lastKnownFileType = sourcecode.swift; path = TargetCollectionViewItem.swift; sourceTree = "<group>"; };
		434F40F9195F385000F14CBF /* AddApp.png */ = {isa = PBXFileReference; lastKnownFileType = image.png; path = AddApp.png; sourceTree = "<group>"; };
		434F40FF195F3D0300F14CBF /* AppStyles.swift */ = {isa = PBXFileReference; fileEncoding = 4; lastKnownFileType = sourcecode.swift; path = AppStyles.swift; sourceTree = "<group>"; };
		434F41081960AB8700F14CBF /* Targets.swift */ = {isa = PBXFileReference; fileEncoding = 4; lastKnownFileType = sourcecode.swift; path = Targets.swift; sourceTree = "<group>"; };
		43778C1A195CD51300BD417D /* TargetCollectionViewCell.swift */ = {isa = PBXFileReference; fileEncoding = 4; lastKnownFileType = sourcecode.swift; path = TargetCollectionViewCell.swift; sourceTree = "<group>"; };
		437E1C311962972C00A32927 /* Utils.swift */ = {isa = PBXFileReference; fileEncoding = 4; lastKnownFileType = sourcecode.swift; path = Utils.swift; sourceTree = "<group>"; };
		437E1C331962976D00A32927 /* AddAppTask.swift */ = {isa = PBXFileReference; fileEncoding = 4; lastKnownFileType = sourcecode.swift; path = AddAppTask.swift; sourceTree = "<group>"; };
		437E1C3619629B8C00A32927 /* String.ext.swift */ = {isa = PBXFileReference; fileEncoding = 4; lastKnownFileType = sourcecode.swift; path = String.ext.swift; sourceTree = "<group>"; };
		437E1C381965DD9500A32927 /* Progress.swift */ = {isa = PBXFileReference; fileEncoding = 4; lastKnownFileType = sourcecode.swift; path = Progress.swift; sourceTree = "<group>"; };
		43E41E7A195CAEAC00FD162D /* TargetSelector.app */ = {isa = PBXFileReference; explicitFileType = wrapper.application; includeInIndex = 0; path = TargetSelector.app; sourceTree = BUILT_PRODUCTS_DIR; };
		43E41E7E195CAEAC00FD162D /* Info.plist */ = {isa = PBXFileReference; lastKnownFileType = text.plist.xml; path = Info.plist; sourceTree = "<group>"; };
		43E41E7F195CAEAC00FD162D /* main.swift */ = {isa = PBXFileReference; lastKnownFileType = sourcecode.swift; path = main.swift; sourceTree = "<group>"; };
		43E41E81195CAEAC00FD162D /* AppDelegate.swift */ = {isa = PBXFileReference; lastKnownFileType = sourcecode.swift; path = AppDelegate.swift; sourceTree = "<group>"; };
		43E41E83195CAEAC00FD162D /* Images.xcassets */ = {isa = PBXFileReference; lastKnownFileType = folder.assetcatalog; path = Images.xcassets; sourceTree = "<group>"; };
		43E41E86195CAEAC00FD162D /* Base */ = {isa = PBXFileReference; lastKnownFileType = file.xib; name = Base; path = Base.lproj/MainMenu.xib; sourceTree = "<group>"; };
		43E41E8C195CAEAC00FD162D /* TargetSelectorTests.xctest */ = {isa = PBXFileReference; explicitFileType = wrapper.cfbundle; includeInIndex = 0; path = TargetSelectorTests.xctest; sourceTree = BUILT_PRODUCTS_DIR; };
		43E41E91195CAEAC00FD162D /* Info.plist */ = {isa = PBXFileReference; lastKnownFileType = text.plist.xml; path = Info.plist; sourceTree = "<group>"; };
		43E41E92195CAEAC00FD162D /* TargetSelectorTests.swift */ = {isa = PBXFileReference; lastKnownFileType = sourcecode.swift; path = TargetSelectorTests.swift; sourceTree = "<group>"; };
		43E41E9C195CB37D00FD162D /* Target.swift */ = {isa = PBXFileReference; fileEncoding = 4; lastKnownFileType = sourcecode.swift; path = Target.swift; sourceTree = "<group>"; };
		43E41E9E195CCB5C00FD162D /* TargetSelector-Bridging-Header.h */ = {isa = PBXFileReference; lastKnownFileType = sourcecode.c.h; path = "TargetSelector-Bridging-Header.h"; sourceTree = "<group>"; };
		43E41E9F195CCB5C00FD162D /* TargetBridge.m */ = {isa = PBXFileReference; fileEncoding = 4; lastKnownFileType = sourcecode.c.objc; path = TargetBridge.m; sourceTree = "<group>"; };
		43E41EA1195CCB6D00FD162D /* TargetBridge.h */ = {isa = PBXFileReference; lastKnownFileType = sourcecode.c.h; path = TargetBridge.h; sourceTree = "<group>"; };
/* End PBXFileReference section */

/* Begin PBXFrameworksBuildPhase section */
		43E41E77195CAEAC00FD162D /* Frameworks */ = {
			isa = PBXFrameworksBuildPhase;
			buildActionMask = 2147483647;
			files = (
			);
			runOnlyForDeploymentPostprocessing = 0;
		};
		43E41E89195CAEAC00FD162D /* Frameworks */ = {
			isa = PBXFrameworksBuildPhase;
			buildActionMask = 2147483647;
			files = (
			);
			runOnlyForDeploymentPostprocessing = 0;
		};
/* End PBXFrameworksBuildPhase section */

/* Begin PBXGroup section */
		434F41071960AB6200F14CBF /* Views */ = {
			isa = PBXGroup;
			children = (
				43E41EA1195CCB6D00FD162D /* TargetBridge.h */,
				43E41E9F195CCB5C00FD162D /* TargetBridge.m */,
				43778C1A195CD51300BD417D /* TargetCollectionViewCell.swift */,
				4323D0CB195EC6EA00A72B09 /* TargetCollectionViewItem.swift */,
			);
			name = Views;
			sourceTree = "<group>";
		};
		434F410A1960ABB800F14CBF /* Targets */ = {
			isa = PBXGroup;
			children = (
				437E1C331962976D00A32927 /* AddAppTask.swift */,
				43E41E9C195CB37D00FD162D /* Target.swift */,
				434F41081960AB8700F14CBF /* Targets.swift */,
				437E1C381965DD9500A32927 /* Progress.swift */,
			);
			name = Targets;
			sourceTree = "<group>";
		};
		437E1C3519629B7F00A32927 /* Extensions */ = {
			isa = PBXGroup;
			children = (
				437E1C3619629B8C00A32927 /* String.ext.swift */,
			);
			name = Extensions;
			sourceTree = "<group>";
		};
		43E41E71195CAEAC00FD162D = {
			isa = PBXGroup;
			children = (
				43E41E7C195CAEAC00FD162D /* TargetSelector */,
				43E41E8F195CAEAC00FD162D /* TargetSelectorTests */,
				43E41E7B195CAEAC00FD162D /* Products */,
			);
			sourceTree = "<group>";
		};
		43E41E7B195CAEAC00FD162D /* Products */ = {
			isa = PBXGroup;
			children = (
				43E41E7A195CAEAC00FD162D /* TargetSelector.app */,
				43E41E8C195CAEAC00FD162D /* TargetSelectorTests.xctest */,
			);
			name = Products;
			sourceTree = "<group>";
		};
		43E41E7C195CAEAC00FD162D /* TargetSelector */ = {
			isa = PBXGroup;
			children = (
				434F40FF195F3D0300F14CBF /* AppStyles.swift */,
				437E1C311962972C00A32927 /* Utils.swift */,
				437E1C3519629B7F00A32927 /* Extensions */,
				434F410A1960ABB800F14CBF /* Targets */,
				434F41071960AB6200F14CBF /* Views */,
				43E41E81195CAEAC00FD162D /* AppDelegate.swift */,
				43E41E83195CAEAC00FD162D /* Images.xcassets */,
				43E41E85195CAEAC00FD162D /* MainMenu.xib */,
				43E41E7D195CAEAC00FD162D /* Supporting Files */,
			);
			path = TargetSelector;
			sourceTree = "<group>";
		};
		43E41E7D195CAEAC00FD162D /* Supporting Files */ = {
			isa = PBXGroup;
			children = (
				434F40F9195F385000F14CBF /* AddApp.png */,
				43E41E9E195CCB5C00FD162D /* TargetSelector-Bridging-Header.h */,
				43E41E7E195CAEAC00FD162D /* Info.plist */,
				43E41E7F195CAEAC00FD162D /* main.swift */,
			);
			name = "Supporting Files";
			sourceTree = "<group>";
		};
		43E41E8F195CAEAC00FD162D /* TargetSelectorTests */ = {
			isa = PBXGroup;
			children = (
				43E41E92195CAEAC00FD162D /* TargetSelectorTests.swift */,
				43E41E90195CAEAC00FD162D /* Supporting Files */,
			);
			path = TargetSelectorTests;
			sourceTree = "<group>";
		};
		43E41E90195CAEAC00FD162D /* Supporting Files */ = {
			isa = PBXGroup;
			children = (
				43E41E91195CAEAC00FD162D /* Info.plist */,
			);
			name = "Supporting Files";
			sourceTree = "<group>";
		};
/* End PBXGroup section */

/* Begin PBXNativeTarget section */
		43E41E79195CAEAC00FD162D /* TargetSelector */ = {
			isa = PBXNativeTarget;
			buildConfigurationList = 43E41E96195CAEAC00FD162D /* Build configuration list for PBXNativeTarget "TargetSelector" */;
			buildPhases = (
				43E41E76195CAEAC00FD162D /* Sources */,
				43E41E77195CAEAC00FD162D /* Frameworks */,
				43E41E78195CAEAC00FD162D /* Resources */,
			);
			buildRules = (
			);
			dependencies = (
			);
			name = TargetSelector;
			productName = TargetSelector;
			productReference = 43E41E7A195CAEAC00FD162D /* TargetSelector.app */;
			productType = "com.apple.product-type.application";
		};
		43E41E8B195CAEAC00FD162D /* TargetSelectorTests */ = {
			isa = PBXNativeTarget;
			buildConfigurationList = 43E41E99195CAEAC00FD162D /* Build configuration list for PBXNativeTarget "TargetSelectorTests" */;
			buildPhases = (
				43E41E88195CAEAC00FD162D /* Sources */,
				43E41E89195CAEAC00FD162D /* Frameworks */,
				43E41E8A195CAEAC00FD162D /* Resources */,
			);
			buildRules = (
			);
			dependencies = (
				43E41E8E195CAEAC00FD162D /* PBXTargetDependency */,
			);
			name = TargetSelectorTests;
			productName = TargetSelectorTests;
			productReference = 43E41E8C195CAEAC00FD162D /* TargetSelectorTests.xctest */;
			productType = "com.apple.product-type.bundle.unit-test";
		};
/* End PBXNativeTarget section */

/* Begin PBXProject section */
		43E41E72195CAEAC00FD162D /* Project object */ = {
			isa = PBXProject;
			attributes = {
				LastUpgradeCheck = 0600;
				ORGANIZATIONNAME = "ReturnTool ApS";
				TargetAttributes = {
					43E41E79195CAEAC00FD162D = {
						CreatedOnToolsVersion = 6.0;
					};
					43E41E8B195CAEAC00FD162D = {
						CreatedOnToolsVersion = 6.0;
						TestTargetID = 43E41E79195CAEAC00FD162D;
					};
				};
			};
			buildConfigurationList = 43E41E75195CAEAC00FD162D /* Build configuration list for PBXProject "TargetSelector" */;
			compatibilityVersion = "Xcode 3.2";
			developmentRegion = English;
			hasScannedForEncodings = 0;
			knownRegions = (
				en,
				Base,
			);
			mainGroup = 43E41E71195CAEAC00FD162D;
			productRefGroup = 43E41E7B195CAEAC00FD162D /* Products */;
			projectDirPath = "";
			projectRoot = "";
			targets = (
				43E41E79195CAEAC00FD162D /* TargetSelector */,
				43E41E8B195CAEAC00FD162D /* TargetSelectorTests */,
			);
		};
/* End PBXProject section */

/* Begin PBXResourcesBuildPhase section */
		43E41E78195CAEAC00FD162D /* Resources */ = {
			isa = PBXResourcesBuildPhase;
			buildActionMask = 2147483647;
			files = (
				434F40FA195F385000F14CBF /* AddApp.png in Resources */,
				43E41E84195CAEAC00FD162D /* Images.xcassets in Resources */,
				43E41E87195CAEAC00FD162D /* MainMenu.xib in Resources */,
			);
			runOnlyForDeploymentPostprocessing = 0;
		};
		43E41E8A195CAEAC00FD162D /* Resources */ = {
			isa = PBXResourcesBuildPhase;
			buildActionMask = 2147483647;
			files = (
			);
			runOnlyForDeploymentPostprocessing = 0;
		};
/* End PBXResourcesBuildPhase section */

/* Begin PBXSourcesBuildPhase section */
		43E41E76195CAEAC00FD162D /* Sources */ = {
			isa = PBXSourcesBuildPhase;
			buildActionMask = 2147483647;
			files = (
				43E41E9D195CB37D00FD162D /* Target.swift in Sources */,
				437E1C321962972C00A32927 /* Utils.swift in Sources */,
				434F4100195F3D0300F14CBF /* AppStyles.swift in Sources */,
				437E1C3719629B8C00A32927 /* String.ext.swift in Sources */,
				43E41EA0195CCB5C00FD162D /* TargetBridge.m in Sources */,
				4323D0CC195EC6EA00A72B09 /* TargetCollectionViewItem.swift in Sources */,
				437E1C391965DD9500A32927 /* Progress.swift in Sources */,
				434F41091960AB8700F14CBF /* Targets.swift in Sources */,
				43E41E82195CAEAC00FD162D /* AppDelegate.swift in Sources */,
				43778C1B195CD51300BD417D /* TargetCollectionViewCell.swift in Sources */,
				437E1C341962976D00A32927 /* AddAppTask.swift in Sources */,
				43E41E80195CAEAC00FD162D /* main.swift in Sources */,
			);
			runOnlyForDeploymentPostprocessing = 0;
		};
		43E41E88195CAEAC00FD162D /* Sources */ = {
			isa = PBXSourcesBuildPhase;
			buildActionMask = 2147483647;
			files = (
				43E41E93195CAEAC00FD162D /* TargetSelectorTests.swift in Sources */,
			);
			runOnlyForDeploymentPostprocessing = 0;
		};
/* End PBXSourcesBuildPhase section */

/* Begin PBXTargetDependency section */
		43E41E8E195CAEAC00FD162D /* PBXTargetDependency */ = {
			isa = PBXTargetDependency;
			target = 43E41E79195CAEAC00FD162D /* TargetSelector */;
			targetProxy = 43E41E8D195CAEAC00FD162D /* PBXContainerItemProxy */;
		};
/* End PBXTargetDependency section */

/* Begin PBXVariantGroup section */
		43E41E85195CAEAC00FD162D /* MainMenu.xib */ = {
			isa = PBXVariantGroup;
			children = (
				43E41E86195CAEAC00FD162D /* Base */,
			);
			name = MainMenu.xib;
			sourceTree = "<group>";
		};
/* End PBXVariantGroup section */

/* Begin XCBuildConfiguration section */
		43E41E94195CAEAC00FD162D /* Debug */ = {
			isa = XCBuildConfiguration;
			buildSettings = {
				ALWAYS_SEARCH_USER_PATHS = NO;
				CLANG_CXX_LANGUAGE_STANDARD = "gnu++0x";
				CLANG_CXX_LIBRARY = "libc++";
				CLANG_ENABLE_MODULES = YES;
				CLANG_ENABLE_OBJC_ARC = YES;
				CLANG_WARN_BOOL_CONVERSION = YES;
				CLANG_WARN_CONSTANT_CONVERSION = YES;
				CLANG_WARN_DIRECT_OBJC_ISA_USAGE = YES_ERROR;
				CLANG_WARN_EMPTY_BODY = YES;
				CLANG_WARN_ENUM_CONVERSION = YES;
				CLANG_WARN_INT_CONVERSION = YES;
				CLANG_WARN_OBJC_ROOT_CLASS = YES_ERROR;
				CLANG_WARN_UNREACHABLE_CODE = YES;
				CLANG_WARN__DUPLICATE_METHOD_MATCH = YES;
				CODE_SIGN_IDENTITY = "-";
				COPY_PHASE_STRIP = NO;
				ENABLE_STRICT_OBJC_MSGSEND = YES;
				GCC_C_LANGUAGE_STANDARD = gnu99;
				GCC_DYNAMIC_NO_PIC = NO;
				GCC_OPTIMIZATION_LEVEL = 0;
				GCC_PREPROCESSOR_DEFINITIONS = (
					"DEBUG=1",
					"$(inherited)",
				);
				GCC_SYMBOLS_PRIVATE_EXTERN = NO;
				GCC_WARN_64_TO_32_BIT_CONVERSION = YES;
				GCC_WARN_ABOUT_RETURN_TYPE = YES_ERROR;
				GCC_WARN_UNDECLARED_SELECTOR = YES;
				GCC_WARN_UNINITIALIZED_AUTOS = YES_AGGRESSIVE;
				GCC_WARN_UNUSED_FUNCTION = YES;
				GCC_WARN_UNUSED_VARIABLE = YES;
				MACOSX_DEPLOYMENT_TARGET = 10.9;
				METAL_ENABLE_DEBUG_INFO = YES;
				ONLY_ACTIVE_ARCH = YES;
				SDKROOT = macosx;
				SWIFT_OPTIMIZATION_LEVEL = "-Onone";
			};
			name = Debug;
		};
		43E41E95195CAEAC00FD162D /* Release */ = {
			isa = XCBuildConfiguration;
			buildSettings = {
				ALWAYS_SEARCH_USER_PATHS = NO;
				CLANG_CXX_LANGUAGE_STANDARD = "gnu++0x";
				CLANG_CXX_LIBRARY = "libc++";
				CLANG_ENABLE_MODULES = YES;
				CLANG_ENABLE_OBJC_ARC = YES;
				CLANG_WARN_BOOL_CONVERSION = YES;
				CLANG_WARN_CONSTANT_CONVERSION = YES;
				CLANG_WARN_DIRECT_OBJC_ISA_USAGE = YES_ERROR;
				CLANG_WARN_EMPTY_BODY = YES;
				CLANG_WARN_ENUM_CONVERSION = YES;
				CLANG_WARN_INT_CONVERSION = YES;
				CLANG_WARN_OBJC_ROOT_CLASS = YES_ERROR;
				CLANG_WARN_UNREACHABLE_CODE = YES;
				CLANG_WARN__DUPLICATE_METHOD_MATCH = YES;
				CODE_SIGN_IDENTITY = "-";
				COPY_PHASE_STRIP = YES;
				DEBUG_INFORMATION_FORMAT = "dwarf-with-dsym";
				ENABLE_NS_ASSERTIONS = NO;
				ENABLE_STRICT_OBJC_MSGSEND = YES;
				GCC_C_LANGUAGE_STANDARD = gnu99;
				GCC_WARN_64_TO_32_BIT_CONVERSION = YES;
				GCC_WARN_ABOUT_RETURN_TYPE = YES_ERROR;
				GCC_WARN_UNDECLARED_SELECTOR = YES;
				GCC_WARN_UNINITIALIZED_AUTOS = YES_AGGRESSIVE;
				GCC_WARN_UNUSED_FUNCTION = YES;
				GCC_WARN_UNUSED_VARIABLE = YES;
				MACOSX_DEPLOYMENT_TARGET = 10.9;
				METAL_ENABLE_DEBUG_INFO = NO;
				SDKROOT = macosx;
			};
			name = Release;
		};
		43E41E97195CAEAC00FD162D /* Debug */ = {
			isa = XCBuildConfiguration;
			buildSettings = {
				ASSETCATALOG_COMPILER_APPICON_NAME = AppIcon;
				CLANG_ENABLE_MODULES = YES;
				COMBINE_HIDPI_IMAGES = YES;
				INFOPLIST_FILE = TargetSelector/Info.plist;
				LD_RUNPATH_SEARCH_PATHS = "$(inherited) @executable_path/../Frameworks";
				PRODUCT_NAME = "$(TARGET_NAME)";
				SWIFT_OBJC_BRIDGING_HEADER = "TargetSelector/TargetSelector-Bridging-Header.h";
				SWIFT_OPTIMIZATION_LEVEL = "-Onone";
			};
			name = Debug;
		};
		43E41E98195CAEAC00FD162D /* Release */ = {
			isa = XCBuildConfiguration;
			buildSettings = {
				ASSETCATALOG_COMPILER_APPICON_NAME = AppIcon;
				CLANG_ENABLE_MODULES = YES;
				COMBINE_HIDPI_IMAGES = YES;
				INFOPLIST_FILE = TargetSelector/Info.plist;
				LD_RUNPATH_SEARCH_PATHS = "$(inherited) @executable_path/../Frameworks";
				PRODUCT_NAME = "$(TARGET_NAME)";
				SWIFT_OBJC_BRIDGING_HEADER = "TargetSelector/TargetSelector-Bridging-Header.h";
			};
			name = Release;
		};
		43E41E9A195CAEAC00FD162D /* Debug */ = {
			isa = XCBuildConfiguration;
			buildSettings = {
				BUNDLE_LOADER = "$(BUILT_PRODUCTS_DIR)/TargetSelector.app/Contents/MacOS/TargetSelector";
				COMBINE_HIDPI_IMAGES = YES;
				FRAMEWORK_SEARCH_PATHS = (
					"$(DEVELOPER_FRAMEWORKS_DIR)",
					"$(inherited)",
				);
				GCC_PREPROCESSOR_DEFINITIONS = (
					"DEBUG=1",
					"$(inherited)",
				);
				INFOPLIST_FILE = TargetSelectorTests/Info.plist;
				LD_RUNPATH_SEARCH_PATHS = "$(inherited) @executable_path/../Frameworks @loader_path/../Frameworks";
				METAL_ENABLE_DEBUG_INFO = YES;
				PRODUCT_NAME = "$(TARGET_NAME)";
				TEST_HOST = "$(BUNDLE_LOADER)";
			};
			name = Debug;
		};
		43E41E9B195CAEAC00FD162D /* Release */ = {
			isa = XCBuildConfiguration;
			buildSettings = {
				BUNDLE_LOADER = "$(BUILT_PRODUCTS_DIR)/TargetSelector.app/Contents/MacOS/TargetSelector";
				COMBINE_HIDPI_IMAGES = YES;
				FRAMEWORK_SEARCH_PATHS = (
					"$(DEVELOPER_FRAMEWORKS_DIR)",
					"$(inherited)",
				);
				INFOPLIST_FILE = TargetSelectorTests/Info.plist;
				LD_RUNPATH_SEARCH_PATHS = "$(inherited) @executable_path/../Frameworks @loader_path/../Frameworks";
				METAL_ENABLE_DEBUG_INFO = NO;
				PRODUCT_NAME = "$(TARGET_NAME)";
				TEST_HOST = "$(BUNDLE_LOADER)";
			};
			name = Release;
		};
/* End XCBuildConfiguration section */

/* Begin XCConfigurationList section */
		43E41E75195CAEAC00FD162D /* Build configuration list for PBXProject "TargetSelector" */ = {
			isa = XCConfigurationList;
			buildConfigurations = (
				43E41E94195CAEAC00FD162D /* Debug */,
				43E41E95195CAEAC00FD162D /* Release */,
			);
			defaultConfigurationIsVisible = 0;
			defaultConfigurationName = Release;
		};
		43E41E96195CAEAC00FD162D /* Build configuration list for PBXNativeTarget "TargetSelector" */ = {
			isa = XCConfigurationList;
			buildConfigurations = (
				43E41E97195CAEAC00FD162D /* Debug */,
				43E41E98195CAEAC00FD162D /* Release */,
			);
			defaultConfigurationIsVisible = 0;
			defaultConfigurationName = Release;
		};
		43E41E99195CAEAC00FD162D /* Build configuration list for PBXNativeTarget "TargetSelectorTests" */ = {
			isa = XCConfigurationList;
			buildConfigurations = (
				43E41E9A195CAEAC00FD162D /* Debug */,
				43E41E9B195CAEAC00FD162D /* Release */,
			);
			defaultConfigurationIsVisible = 0;
			defaultConfigurationName = Release;
		};
/* End XCConfigurationList section */
	};
	rootObject = 43E41E72195CAEAC00FD162D /* Project object */;
}
